
Microsoft Visual Studio Solution File, Format Version 12.00
# Visual Studio 2013
VisualStudioVersion = 12.0.30110.0
MinimumVisualStudioVersion = 10.0.40219.1
Project("{FAE04EC0-301F-11D3-BF4B-00C04F79EFBC}") = "OneRing.Core", "OneRing.Core\OneRing.Core.csproj", "{ADCF07A2-404E-4D31-91E7-5EA204400946}"
EndProject
Project("{FAE04EC0-301F-11D3-BF4B-00C04F79EFBC}") = "OneRing.TestApp", "OneRing.TestApp\OneRing.TestApp.csproj", "{906C1B45-523F-4C95-BFBA-4960CCE3B676}"
EndProject
Project("{FAE04EC0-301F-11D3-BF4B-00C04F79EFBC}") = "OneRing.Services", "OneRing.Services\OneRing.Services.csproj", "{4E4AEAE3-C305-4440-90E9-3486CD76644C}"
EndProject
Global
	GlobalSection(SolutionConfigurationPlatforms) = preSolution
		Debug|Any CPU = Debug|Any CPU
		Release|Any CPU = Release|Any CPU
	EndGlobalSection
	GlobalSection(ProjectConfigurationPlatforms) = postSolution
		{ADCF07A2-404E-4D31-91E7-5EA204400946}.Debug|Any CPU.ActiveCfg = Debug|Any CPU
		{ADCF07A2-404E-4D31-91E7-5EA204400946}.Debug|Any CPU.Build.0 = Debug|Any CPU
		{ADCF07A2-404E-4D31-91E7-5EA204400946}.Release|Any CPU.ActiveCfg = Release|Any CPU
		{ADCF07A2-404E-4D31-91E7-5EA204400946}.Release|Any CPU.Build.0 = Release|Any CPU
		{906C1B45-523F-4C95-BFBA-4960CCE3B676}.Debug|Any CPU.ActiveCfg = Debug|Any CPU
		{906C1B45-523F-4C95-BFBA-4960CCE3B676}.Debug|Any CPU.Build.0 = Debug|Any CPU
		{906C1B45-523F-4C95-BFBA-4960CCE3B676}.Release|Any CPU.ActiveCfg = Release|Any CPU
		{906C1B45-523F-4C95-BFBA-4960CCE3B676}.Release|Any CPU.Build.0 = Release|Any CPU
		{4E4AEAE3-C305-4440-90E9-3486CD76644C}.Debug|Any CPU.ActiveCfg = Debug|Any CPU
		{4E4AEAE3-C305-4440-90E9-3486CD76644C}.Debug|Any CPU.Build.0 = Debug|Any CPU
		{4E4AEAE3-C305-4440-90E9-3486CD76644C}.Release|Any CPU.ActiveCfg = Release|Any CPU
		{4E4AEAE3-C305-4440-90E9-3486CD76644C}.Release|Any CPU.Build.0 = Release|Any CPU
	EndGlobalSection
	GlobalSection(SolutionProperties) = preSolution
		HideSolutionNode = FALSE
	EndGlobalSection
EndGlobal
